
Microsoft Visual Studio Solution File, Format Version 12.00
# Visual Studio Version 17
VisualStudioVersion = 17.7.34031.279
MinimumVisualStudioVersion = 10.0.40219.1
Project("{8BC9CEB8-8B4A-11D0-8D11-00A0C91BC942}") = "hello_world", "hello_world\hello_world.vcxproj", "{C0E6405D-2B61-4E33-8612-C4EF9FC834BD}"
EndProject
Global
	GlobalSection(SolutionConfigurationPlatforms) = preSolution
		Debug|x64 = Debug|x64
		Debug|x86 = Debug|x86
		Release|x64 = Release|x64
		Release|x86 = Release|x86
	EndGlobalSection
	GlobalSection(ProjectConfigurationPlatforms) = postSolution
		{C0E6405D-2B61-4E33-8612-C4EF9FC834BD}.Debug|x64.ActiveCfg = Debug|x64
		{C0E6405D-2B61-4E33-8612-C4EF9FC834BD}.Debug|x64.Build.0 = Debug|x64
		{C0E6405D-2B61-4E33-8612-C4EF9FC834BD}.Debug|x86.ActiveCfg = Debug|Win32
		{C0E6405D-2B61-4E33-8612-C4EF9FC834BD}.Debug|x86.Build.0 = Debug|Win32
		{C0E6405D-2B61-4E33-8612-C4EF9FC834BD}.Release|x64.ActiveCfg = Release|x64
		{C0E6405D-2B61-4E33-8612-C4EF9FC834BD}.Release|x64.Build.0 = Release|x64
		{C0E6405D-2B61-4E33-8612-C4EF9FC834BD}.Release|x86.ActiveCfg = Release|Win32
		{C0E6405D-2B61-4E33-8612-C4EF9FC834BD}.Release|x86.Build.0 = Release|Win32
	EndGlobalSection
	GlobalSection(SolutionProperties) = preSolution
		HideSolutionNode = FALSE
	EndGlobalSection
	GlobalSection(ExtensibilityGlobals) = postSolution
		SolutionGuid = {D06B5F0E-AAAE-40DD-9A12-6703CF42E4C1}
	EndGlobalSection
EndGlobal
